
Microsoft Visual Studio Solution File, Format Version 12.00
# Visual Studio Version 17
VisualStudioVersion = 17.14.36518.9
MinimumVisualStudioVersion = 10.0.40219.1
Project("{FAE04EC0-301F-11D3-BF4B-00C04F79EFBC}") = "MVC_Kutuphane_Otomasyonu", "MVC_Kutuphane_Otomasyonu\MVC_Kutuphane_Otomasyonu.csproj", "{72FAF4BD-52EE-41CA-8930-D82950632BBC}"
EndProject
Project("{FAE04EC0-301F-11D3-BF4B-00C04F79EFBC}") = "MVC_Kutuphane_Otomasyonu.Entities", "MVC_Kutuphane_Otomasyonu.Entities\MVC_Kutuphane_Otomasyonu.Entities.csproj", "{DDE19CC7-26D6-4430-84A0-7F031C7B16DD}"
EndProject
Global
	GlobalSection(SolutionConfigurationPlatforms) = preSolution
		Debug|Any CPU = Debug|Any CPU
		Release|Any CPU = Release|Any CPU
	EndGlobalSection
	GlobalSection(ProjectConfigurationPlatforms) = postSolution
		{72FAF4BD-52EE-41CA-8930-D82950632BBC}.Debug|Any CPU.ActiveCfg = Debug|Any CPU
		{72FAF4BD-52EE-41CA-8930-D82950632BBC}.Debug|Any CPU.Build.0 = Debug|Any CPU
		{72FAF4BD-52EE-41CA-8930-D82950632BBC}.Release|Any CPU.ActiveCfg = Release|Any CPU
		{72FAF4BD-52EE-41CA-8930-D82950632BBC}.Release|Any CPU.Build.0 = Release|Any CPU
		{DDE19CC7-26D6-4430-84A0-7F031C7B16DD}.Debug|Any CPU.ActiveCfg = Debug|Any CPU
		{DDE19CC7-26D6-4430-84A0-7F031C7B16DD}.Debug|Any CPU.Build.0 = Debug|Any CPU
		{DDE19CC7-26D6-4430-84A0-7F031C7B16DD}.Release|Any CPU.ActiveCfg = Release|Any CPU
		{DDE19CC7-26D6-4430-84A0-7F031C7B16DD}.Release|Any CPU.Build.0 = Release|Any CPU
	EndGlobalSection
	GlobalSection(SolutionProperties) = preSolution
		HideSolutionNode = FALSE
	EndGlobalSection
	GlobalSection(ExtensibilityGlobals) = postSolution
		SolutionGuid = {BBE65758-6E61-43B1-A47B-CC3707496E21}
	EndGlobalSection
EndGlobal
